// !$*UTF8*$!
{
	archiveVersion = 1;
	classes = {
	};
	objectVersion = 50;
	objects = {

/* Begin PBXBuildFile section */
		C82D8EB8244640090098FE09 /* GeocodeVIewController.swift in Sources */ = {isa = PBXBuildFile; fileRef = C82D8EB7244640090098FE09 /* GeocodeVIewController.swift */; };
		C82D8EBA244717860098FE09 /* PostPinViewController.swift in Sources */ = {isa = PBXBuildFile; fileRef = C82D8EB9244717860098FE09 /* PostPinViewController.swift */; };
		C8334B4D244238EE005A96CA /* LoginSession.swift in Sources */ = {isa = PBXBuildFile; fileRef = C8334B4C244238EE005A96CA /* LoginSession.swift */; };
		C8334B502443268B005A96CA /* Login.swift in Sources */ = {isa = PBXBuildFile; fileRef = C8334B4F2443268B005A96CA /* Login.swift */; };
		C8334B5324432748005A96CA /* OnTheMapClient.swift in Sources */ = {isa = PBXBuildFile; fileRef = C8334B5224432748005A96CA /* OnTheMapClient.swift */; };
		C8334B56244328E9005A96CA /* Account.swift in Sources */ = {isa = PBXBuildFile; fileRef = C8334B55244328E9005A96CA /* Account.swift */; };
		C881E4A82444AF6D005FAC1B /* MapPins.swift in Sources */ = {isa = PBXBuildFile; fileRef = C881E4A72444AF6D005FAC1B /* MapPins.swift */; };
		C881E4AA2444CCF6005FAC1B /* MapViewController.swift in Sources */ = {isa = PBXBuildFile; fileRef = C881E4A92444CCF6005FAC1B /* MapViewController.swift */; };
		C881E4AC2445FB68005FAC1B /* TableViewController.swift in Sources */ = {isa = PBXBuildFile; fileRef = C881E4AB2445FB68005FAC1B /* TableViewController.swift */; };
		C881E4AF24460344005FAC1B /* CustomViewCell.swift in Sources */ = {isa = PBXBuildFile; fileRef = C881E4AE24460344005FAC1B /* CustomViewCell.swift */; };
		C887850C24446B7500C9A6FD /* Store.swift in Sources */ = {isa = PBXBuildFile; fileRef = C887850B24446B7500C9A6FD /* Store.swift */; };
		C8AE1C1A2441FE8B00409D09 /* AppDelegate.swift in Sources */ = {isa = PBXBuildFile; fileRef = C8AE1C192441FE8B00409D09 /* AppDelegate.swift */; };
		C8AE1C1C2441FE8B00409D09 /* SceneDelegate.swift in Sources */ = {isa = PBXBuildFile; fileRef = C8AE1C1B2441FE8B00409D09 /* SceneDelegate.swift */; };
		C8AE1C1E2441FE8B00409D09 /* LoginViewController.swift in Sources */ = {isa = PBXBuildFile; fileRef = C8AE1C1D2441FE8B00409D09 /* LoginViewController.swift */; };
		C8AE1C212441FE8B00409D09 /* Main.storyboard in Resources */ = {isa = PBXBuildFile; fileRef = C8AE1C1F2441FE8B00409D09 /* Main.storyboard */; };
		C8AE1C232441FE8F00409D09 /* Assets.xcassets in Resources */ = {isa = PBXBuildFile; fileRef = C8AE1C222441FE8F00409D09 /* Assets.xcassets */; };
		C8AE1C262441FE8F00409D09 /* LaunchScreen.storyboard in Resources */ = {isa = PBXBuildFile; fileRef = C8AE1C242441FE8F00409D09 /* LaunchScreen.storyboard */; };
		C8AE1C312441FE8F00409D09 /* OnTheMapTests.swift in Sources */ = {isa = PBXBuildFile; fileRef = C8AE1C302441FE8F00409D09 /* OnTheMapTests.swift */; };
		C8AE1C3C2441FE8F00409D09 /* OnTheMapUITests.swift in Sources */ = {isa = PBXBuildFile; fileRef = C8AE1C3B2441FE8F00409D09 /* OnTheMapUITests.swift */; };
/* End PBXBuildFile section */

/* Begin PBXContainerItemProxy section */
		C8AE1C2D2441FE8F00409D09 /* PBXContainerItemProxy */ = {
			isa = PBXContainerItemProxy;
			containerPortal = C8AE1C0E2441FE8B00409D09 /* Project object */;
			proxyType = 1;
			remoteGlobalIDString = C8AE1C152441FE8B00409D09;
			remoteInfo = OnTheMap;
		};
		C8AE1C382441FE8F00409D09 /* PBXContainerItemProxy */ = {
			isa = PBXContainerItemProxy;
			containerPortal = C8AE1C0E2441FE8B00409D09 /* Project object */;
			proxyType = 1;
			remoteGlobalIDString = C8AE1C152441FE8B00409D09;
			remoteInfo = OnTheMap;
		};
/* End PBXContainerItemProxy section */

/* Begin PBXFileReference section */
		C82D8EB7244640090098FE09 /* GeocodeVIewController.swift */ = {isa = PBXFileReference; lastKnownFileType = sourcecode.swift; path = GeocodeVIewController.swift; sourceTree = "<group>"; };
		C82D8EB9244717860098FE09 /* PostPinViewController.swift */ = {isa = PBXFileReference; lastKnownFileType = sourcecode.swift; path = PostPinViewController.swift; sourceTree = "<group>"; };
		C8334B4C244238EE005A96CA /* LoginSession.swift */ = {isa = PBXFileReference; lastKnownFileType = sourcecode.swift; path = LoginSession.swift; sourceTree = "<group>"; };
		C8334B4F2443268B005A96CA /* Login.swift */ = {isa = PBXFileReference; lastKnownFileType = sourcecode.swift; path = Login.swift; sourceTree = "<group>"; };
		C8334B5224432748005A96CA /* OnTheMapClient.swift */ = {isa = PBXFileReference; lastKnownFileType = sourcecode.swift; path = OnTheMapClient.swift; sourceTree = "<group>"; };
		C8334B55244328E9005A96CA /* Account.swift */ = {isa = PBXFileReference; lastKnownFileType = sourcecode.swift; path = Account.swift; sourceTree = "<group>"; };
		C881E4A72444AF6D005FAC1B /* MapPins.swift */ = {isa = PBXFileReference; lastKnownFileType = sourcecode.swift; path = MapPins.swift; sourceTree = "<group>"; };
		C881E4A92444CCF6005FAC1B /* MapViewController.swift */ = {isa = PBXFileReference; lastKnownFileType = sourcecode.swift; path = MapViewController.swift; sourceTree = "<group>"; };
		C881E4AB2445FB68005FAC1B /* TableViewController.swift */ = {isa = PBXFileReference; lastKnownFileType = sourcecode.swift; path = TableViewController.swift; sourceTree = "<group>"; };
		C881E4AE24460344005FAC1B /* CustomViewCell.swift */ = {isa = PBXFileReference; lastKnownFileType = sourcecode.swift; path = CustomViewCell.swift; sourceTree = "<group>"; };
		C887850B24446B7500C9A6FD /* Store.swift */ = {isa = PBXFileReference; lastKnownFileType = sourcecode.swift; path = Store.swift; sourceTree = "<group>"; };
		C8AE1C162441FE8B00409D09 /* OnTheMap.app */ = {isa = PBXFileReference; explicitFileType = wrapper.application; includeInIndex = 0; path = OnTheMap.app; sourceTree = BUILT_PRODUCTS_DIR; };
		C8AE1C192441FE8B00409D09 /* AppDelegate.swift */ = {isa = PBXFileReference; lastKnownFileType = sourcecode.swift; path = AppDelegate.swift; sourceTree = "<group>"; };
		C8AE1C1B2441FE8B00409D09 /* SceneDelegate.swift */ = {isa = PBXFileReference; lastKnownFileType = sourcecode.swift; path = SceneDelegate.swift; sourceTree = "<group>"; };
		C8AE1C1D2441FE8B00409D09 /* LoginViewController.swift */ = {isa = PBXFileReference; lastKnownFileType = sourcecode.swift; path = LoginViewController.swift; sourceTree = "<group>"; };
		C8AE1C202441FE8B00409D09 /* Base */ = {isa = PBXFileReference; lastKnownFileType = file.storyboard; name = Base; path = Base.lproj/Main.storyboard; sourceTree = "<group>"; };
		C8AE1C222441FE8F00409D09 /* Assets.xcassets */ = {isa = PBXFileReference; lastKnownFileType = folder.assetcatalog; path = Assets.xcassets; sourceTree = "<group>"; };
		C8AE1C252441FE8F00409D09 /* Base */ = {isa = PBXFileReference; lastKnownFileType = file.storyboard; name = Base; path = Base.lproj/LaunchScreen.storyboard; sourceTree = "<group>"; };
		C8AE1C272441FE8F00409D09 /* Info.plist */ = {isa = PBXFileReference; lastKnownFileType = text.plist.xml; path = Info.plist; sourceTree = "<group>"; };
		C8AE1C2C2441FE8F00409D09 /* OnTheMapTests.xctest */ = {isa = PBXFileReference; explicitFileType = wrapper.cfbundle; includeInIndex = 0; path = OnTheMapTests.xctest; sourceTree = BUILT_PRODUCTS_DIR; };
		C8AE1C302441FE8F00409D09 /* OnTheMapTests.swift */ = {isa = PBXFileReference; lastKnownFileType = sourcecode.swift; path = OnTheMapTests.swift; sourceTree = "<group>"; };
		C8AE1C322441FE8F00409D09 /* Info.plist */ = {isa = PBXFileReference; lastKnownFileType = text.plist.xml; path = Info.plist; sourceTree = "<group>"; };
		C8AE1C372441FE8F00409D09 /* OnTheMapUITests.xctest */ = {isa = PBXFileReference; explicitFileType = wrapper.cfbundle; includeInIndex = 0; path = OnTheMapUITests.xctest; sourceTree = BUILT_PRODUCTS_DIR; };
		C8AE1C3B2441FE8F00409D09 /* OnTheMapUITests.swift */ = {isa = PBXFileReference; lastKnownFileType = sourcecode.swift; path = OnTheMapUITests.swift; sourceTree = "<group>"; };
		C8AE1C3D2441FE8F00409D09 /* Info.plist */ = {isa = PBXFileReference; lastKnownFileType = text.plist.xml; path = Info.plist; sourceTree = "<group>"; };
/* End PBXFileReference section */

/* Begin PBXFrameworksBuildPhase section */
		C8AE1C132441FE8B00409D09 /* Frameworks */ = {
			isa = PBXFrameworksBuildPhase;
			buildActionMask = 2147483647;
			files = (
			);
			runOnlyForDeploymentPostprocessing = 0;
		};
		C8AE1C292441FE8F00409D09 /* Frameworks */ = {
			isa = PBXFrameworksBuildPhase;
			buildActionMask = 2147483647;
			files = (
			);
			runOnlyForDeploymentPostprocessing = 0;
		};
		C8AE1C342441FE8F00409D09 /* Frameworks */ = {
			isa = PBXFrameworksBuildPhase;
			buildActionMask = 2147483647;
			files = (
			);
			runOnlyForDeploymentPostprocessing = 0;
		};
/* End PBXFrameworksBuildPhase section */

/* Begin PBXGroup section */
		C8334B4B244238A5005A96CA /* Client */ = {
			isa = PBXGroup;
			children = (
				C8334B4C244238EE005A96CA /* LoginSession.swift */,
			);
			path = Client;
			sourceTree = "<group>";
		};
		C8334B4E24432675005A96CA /* Requests */ = {
			isa = PBXGroup;
			children = (
				C8334B4F2443268B005A96CA /* Login.swift */,
			);
			path = Requests;
			sourceTree = "<group>";
		};
		C8334B5124432731005A96CA /* Client */ = {
			isa = PBXGroup;
			children = (
				C8334B5224432748005A96CA /* OnTheMapClient.swift */,
				C82D8EB7244640090098FE09 /* GeocodeVIewController.swift */,
				C887850B24446B7500C9A6FD /* Store.swift */,
			);
			path = Client;
			sourceTree = "<group>";
		};
		C8334B54244328CA005A96CA /* Responses */ = {
			isa = PBXGroup;
			children = (
				C8334B55244328E9005A96CA /* Account.swift */,
				C881E4A72444AF6D005FAC1B /* MapPins.swift */,
			);
			path = Responses;
			sourceTree = "<group>";
		};
		C881E4AD2446032D005FAC1B /* View */ = {
			isa = PBXGroup;
			children = (
				C881E4AE24460344005FAC1B /* CustomViewCell.swift */,
			);
			path = View;
			sourceTree = "<group>";
		};
		C8AE1C0D2441FE8B00409D09 = {
			isa = PBXGroup;
			children = (
				C8AE1C182441FE8B00409D09 /* OnTheMap */,
				C8AE1C2F2441FE8F00409D09 /* OnTheMapTests */,
				C8AE1C3A2441FE8F00409D09 /* OnTheMapUITests */,
				C8AE1C172441FE8B00409D09 /* Products */,
			);
			sourceTree = "<group>";
		};
		C8AE1C172441FE8B00409D09 /* Products */ = {
			isa = PBXGroup;
			children = (
				C8AE1C162441FE8B00409D09 /* OnTheMap.app */,
				C8AE1C2C2441FE8F00409D09 /* OnTheMapTests.xctest */,
				C8AE1C372441FE8F00409D09 /* OnTheMapUITests.xctest */,
			);
			name = Products;
			sourceTree = "<group>";
		};
		C8AE1C182441FE8B00409D09 /* OnTheMap */ = {
			isa = PBXGroup;
			children = (
				C881E4AD2446032D005FAC1B /* View */,
				C8AE1C1F2441FE8B00409D09 /* Main.storyboard */,
				C8334B4B244238A5005A96CA /* Client */,
				C8E6B53024421EF00017C6B6 /* Model */,
				C8AE1C192441FE8B00409D09 /* AppDelegate.swift */,
				C8AE1C1B2441FE8B00409D09 /* SceneDelegate.swift */,
				C8E6B52F24421E7F0017C6B6 /* Controller */,
				C8AE1C222441FE8F00409D09 /* Assets.xcassets */,
				C8AE1C242441FE8F00409D09 /* LaunchScreen.storyboard */,
				C8AE1C272441FE8F00409D09 /* Info.plist */,
			);
			path = OnTheMap;
			sourceTree = "<group>";
		};
		C8AE1C2F2441FE8F00409D09 /* OnTheMapTests */ = {
			isa = PBXGroup;
			children = (
				C8AE1C302441FE8F00409D09 /* OnTheMapTests.swift */,
				C8AE1C322441FE8F00409D09 /* Info.plist */,
			);
			path = OnTheMapTests;
			sourceTree = "<group>";
		};
		C8AE1C3A2441FE8F00409D09 /* OnTheMapUITests */ = {
			isa = PBXGroup;
			children = (
				C8AE1C3B2441FE8F00409D09 /* OnTheMapUITests.swift */,
				C8AE1C3D2441FE8F00409D09 /* Info.plist */,
			);
			path = OnTheMapUITests;
			sourceTree = "<group>";
		};
		C8E6B52F24421E7F0017C6B6 /* Controller */ = {
			isa = PBXGroup;
			children = (
				C8AE1C1D2441FE8B00409D09 /* LoginViewController.swift */,
				C881E4A92444CCF6005FAC1B /* MapViewController.swift */,
				C881E4AB2445FB68005FAC1B /* TableViewController.swift */,
				C82D8EB9244717860098FE09 /* PostPinViewController.swift */,
			);
			path = Controller;
			sourceTree = "<group>";
		};
		C8E6B53024421EF00017C6B6 /* Model */ = {
			isa = PBXGroup;
			children = (
				C8334B54244328CA005A96CA /* Responses */,
				C8334B5124432731005A96CA /* Client */,
				C8334B4E24432675005A96CA /* Requests */,
			);
			path = Model;
			sourceTree = "<group>";
		};
/* End PBXGroup section */

/* Begin PBXNativeTarget section */
		C8AE1C152441FE8B00409D09 /* OnTheMap */ = {
			isa = PBXNativeTarget;
			buildConfigurationList = C8AE1C402441FE8F00409D09 /* Build configuration list for PBXNativeTarget "OnTheMap" */;
			buildPhases = (
				C8AE1C122441FE8B00409D09 /* Sources */,
				C8AE1C132441FE8B00409D09 /* Frameworks */,
				C8AE1C142441FE8B00409D09 /* Resources */,
			);
			buildRules = (
			);
			dependencies = (
			);
			name = OnTheMap;
			productName = OnTheMap;
			productReference = C8AE1C162441FE8B00409D09 /* OnTheMap.app */;
			productType = "com.apple.product-type.application";
		};
		C8AE1C2B2441FE8F00409D09 /* OnTheMapTests */ = {
			isa = PBXNativeTarget;
			buildConfigurationList = C8AE1C432441FE8F00409D09 /* Build configuration list for PBXNativeTarget "OnTheMapTests" */;
			buildPhases = (
				C8AE1C282441FE8F00409D09 /* Sources */,
				C8AE1C292441FE8F00409D09 /* Frameworks */,
				C8AE1C2A2441FE8F00409D09 /* Resources */,
			);
			buildRules = (
			);
			dependencies = (
				C8AE1C2E2441FE8F00409D09 /* PBXTargetDependency */,
			);
			name = OnTheMapTests;
			productName = OnTheMapTests;
			productReference = C8AE1C2C2441FE8F00409D09 /* OnTheMapTests.xctest */;
			productType = "com.apple.product-type.bundle.unit-test";
		};
		C8AE1C362441FE8F00409D09 /* OnTheMapUITests */ = {
			isa = PBXNativeTarget;
			buildConfigurationList = C8AE1C462441FE8F00409D09 /* Build configuration list for PBXNativeTarget "OnTheMapUITests" */;
			buildPhases = (
				C8AE1C332441FE8F00409D09 /* Sources */,
				C8AE1C342441FE8F00409D09 /* Frameworks */,
				C8AE1C352441FE8F00409D09 /* Resources */,
			);
			buildRules = (
			);
			dependencies = (
				C8AE1C392441FE8F00409D09 /* PBXTargetDependency */,
			);
			name = OnTheMapUITests;
			productName = OnTheMapUITests;
			productReference = C8AE1C372441FE8F00409D09 /* OnTheMapUITests.xctest */;
			productType = "com.apple.product-type.bundle.ui-testing";
		};
/* End PBXNativeTarget section */

/* Begin PBXProject section */
		C8AE1C0E2441FE8B00409D09 /* Project object */ = {
			isa = PBXProject;
			attributes = {
				LastSwiftUpdateCheck = 1140;
				LastUpgradeCheck = 1140;
				ORGANIZATIONNAME = "Lorgarithmic Science";
				TargetAttributes = {
					C8AE1C152441FE8B00409D09 = {
						CreatedOnToolsVersion = 11.4;
					};
					C8AE1C2B2441FE8F00409D09 = {
						CreatedOnToolsVersion = 11.4;
						TestTargetID = C8AE1C152441FE8B00409D09;
					};
					C8AE1C362441FE8F00409D09 = {
						CreatedOnToolsVersion = 11.4;
						TestTargetID = C8AE1C152441FE8B00409D09;
					};
				};
			};
			buildConfigurationList = C8AE1C112441FE8B00409D09 /* Build configuration list for PBXProject "OnTheMap" */;
			compatibilityVersion = "Xcode 9.3";
			developmentRegion = en;
			hasScannedForEncodings = 0;
			knownRegions = (
				en,
				Base,
			);
			mainGroup = C8AE1C0D2441FE8B00409D09;
			productRefGroup = C8AE1C172441FE8B00409D09 /* Products */;
			projectDirPath = "";
			projectRoot = "";
			targets = (
				C8AE1C152441FE8B00409D09 /* OnTheMap */,
				C8AE1C2B2441FE8F00409D09 /* OnTheMapTests */,
				C8AE1C362441FE8F00409D09 /* OnTheMapUITests */,
			);
		};
/* End PBXProject section */

/* Begin PBXResourcesBuildPhase section */
		C8AE1C142441FE8B00409D09 /* Resources */ = {
			isa = PBXResourcesBuildPhase;
			buildActionMask = 2147483647;
			files = (
				C8AE1C262441FE8F00409D09 /* LaunchScreen.storyboard in Resources */,
				C8AE1C232441FE8F00409D09 /* Assets.xcassets in Resources */,
				C8AE1C212441FE8B00409D09 /* Main.storyboard in Resources */,
			);
			runOnlyForDeploymentPostprocessing = 0;
		};
		C8AE1C2A2441FE8F00409D09 /* Resources */ = {
			isa = PBXResourcesBuildPhase;
			buildActionMask = 2147483647;
			files = (
			);
			runOnlyForDeploymentPostprocessing = 0;
		};
		C8AE1C352441FE8F00409D09 /* Resources */ = {
			isa = PBXResourcesBuildPhase;
			buildActionMask = 2147483647;
			files = (
			);
			runOnlyForDeploymentPostprocessing = 0;
		};
/* End PBXResourcesBuildPhase section */

/* Begin PBXSourcesBuildPhase section */
		C8AE1C122441FE8B00409D09 /* Sources */ = {
			isa = PBXSourcesBuildPhase;
			buildActionMask = 2147483647;
			files = (
				C8334B5324432748005A96CA /* OnTheMapClient.swift in Sources */,
				C881E4AF24460344005FAC1B /* CustomViewCell.swift in Sources */,
				C82D8EBA244717860098FE09 /* PostPinViewController.swift in Sources */,
				C8AE1C1E2441FE8B00409D09 /* LoginViewController.swift in Sources */,
				C8334B502443268B005A96CA /* Login.swift in Sources */,
				C881E4AA2444CCF6005FAC1B /* MapViewController.swift in Sources */,
				C881E4A82444AF6D005FAC1B /* MapPins.swift in Sources */,
				C887850C24446B7500C9A6FD /* Store.swift in Sources */,
				C881E4AC2445FB68005FAC1B /* TableViewController.swift in Sources */,
				C8334B56244328E9005A96CA /* Account.swift in Sources */,
				C82D8EB8244640090098FE09 /* GeocodeVIewController.swift in Sources */,
				C8AE1C1A2441FE8B00409D09 /* AppDelegate.swift in Sources */,
				C8334B4D244238EE005A96CA /* LoginSession.swift in Sources */,
				C8AE1C1C2441FE8B00409D09 /* SceneDelegate.swift in Sources */,
			);
			runOnlyForDeploymentPostprocessing = 0;
		};
		C8AE1C282441FE8F00409D09 /* Sources */ = {
			isa = PBXSourcesBuildPhase;
			buildActionMask = 2147483647;
			files = (
				C8AE1C312441FE8F00409D09 /* OnTheMapTests.swift in Sources */,
			);
			runOnlyForDeploymentPostprocessing = 0;
		};
		C8AE1C332441FE8F00409D09 /* Sources */ = {
			isa = PBXSourcesBuildPhase;
			buildActionMask = 2147483647;
			files = (
				C8AE1C3C2441FE8F00409D09 /* OnTheMapUITests.swift in Sources */,
			);
			runOnlyForDeploymentPostprocessing = 0;
		};
/* End PBXSourcesBuildPhase section */

/* Begin PBXTargetDependency section */
		C8AE1C2E2441FE8F00409D09 /* PBXTargetDependency */ = {
			isa = PBXTargetDependency;
			target = C8AE1C152441FE8B00409D09 /* OnTheMap */;
			targetProxy = C8AE1C2D2441FE8F00409D09 /* PBXContainerItemProxy */;
		};
		C8AE1C392441FE8F00409D09 /* PBXTargetDependency */ = {
			isa = PBXTargetDependency;
			target = C8AE1C152441FE8B00409D09 /* OnTheMap */;
			targetProxy = C8AE1C382441FE8F00409D09 /* PBXContainerItemProxy */;
		};
/* End PBXTargetDependency section */

/* Begin PBXVariantGroup section */
		C8AE1C1F2441FE8B00409D09 /* Main.storyboard */ = {
			isa = PBXVariantGroup;
			children = (
				C8AE1C202441FE8B00409D09 /* Base */,
			);
			name = Main.storyboard;
			sourceTree = "<group>";
		};
		C8AE1C242441FE8F00409D09 /* LaunchScreen.storyboard */ = {
			isa = PBXVariantGroup;
			children = (
				C8AE1C252441FE8F00409D09 /* Base */,
			);
			name = LaunchScreen.storyboard;
			sourceTree = "<group>";
		};
/* End PBXVariantGroup section */

/* Begin XCBuildConfiguration section */
		C8AE1C3E2441FE8F00409D09 /* Debug */ = {
			isa = XCBuildConfiguration;
			buildSettings = {
				ALWAYS_SEARCH_USER_PATHS = NO;
				CLANG_ANALYZER_NONNULL = YES;
				CLANG_ANALYZER_NUMBER_OBJECT_CONVERSION = YES_AGGRESSIVE;
				CLANG_CXX_LANGUAGE_STANDARD = "gnu++14";
				CLANG_CXX_LIBRARY = "libc++";
				CLANG_ENABLE_MODULES = YES;
				CLANG_ENABLE_OBJC_ARC = YES;
				CLANG_ENABLE_OBJC_WEAK = YES;
				CLANG_WARN_BLOCK_CAPTURE_AUTORELEASING = YES;
				CLANG_WARN_BOOL_CONVERSION = YES;
				CLANG_WARN_COMMA = YES;
				CLANG_WARN_CONSTANT_CONVERSION = YES;
				CLANG_WARN_DEPRECATED_OBJC_IMPLEMENTATIONS = YES;
				CLANG_WARN_DIRECT_OBJC_ISA_USAGE = YES_ERROR;
				CLANG_WARN_DOCUMENTATION_COMMENTS = YES;
				CLANG_WARN_EMPTY_BODY = YES;
				CLANG_WARN_ENUM_CONVERSION = YES;
				CLANG_WARN_INFINITE_RECURSION = YES;
				CLANG_WARN_INT_CONVERSION = YES;
				CLANG_WARN_NON_LITERAL_NULL_CONVERSION = YES;
				CLANG_WARN_OBJC_IMPLICIT_RETAIN_SELF = YES;
				CLANG_WARN_OBJC_LITERAL_CONVERSION = YES;
				CLANG_WARN_OBJC_ROOT_CLASS = YES_ERROR;
				CLANG_WARN_RANGE_LOOP_ANALYSIS = YES;
				CLANG_WARN_STRICT_PROTOTYPES = YES;
				CLANG_WARN_SUSPICIOUS_MOVE = YES;
				CLANG_WARN_UNGUARDED_AVAILABILITY = YES_AGGRESSIVE;
				CLANG_WARN_UNREACHABLE_CODE = YES;
				CLANG_WARN__DUPLICATE_METHOD_MATCH = YES;
				COPY_PHASE_STRIP = NO;
				DEBUG_INFORMATION_FORMAT = dwarf;
				ENABLE_STRICT_OBJC_MSGSEND = YES;
				ENABLE_TESTABILITY = YES;
				GCC_C_LANGUAGE_STANDARD = gnu11;
				GCC_DYNAMIC_NO_PIC = NO;
				GCC_NO_COMMON_BLOCKS = YES;
				GCC_OPTIMIZATION_LEVEL = 0;
				GCC_PREPROCESSOR_DEFINITIONS = (
					"DEBUG=1",
					"$(inherited)",
				);
				GCC_WARN_64_TO_32_BIT_CONVERSION = YES;
				GCC_WARN_ABOUT_RETURN_TYPE = YES_ERROR;
				GCC_WARN_UNDECLARED_SELECTOR = YES;
				GCC_WARN_UNINITIALIZED_AUTOS = YES_AGGRESSIVE;
				GCC_WARN_UNUSED_FUNCTION = YES;
				GCC_WARN_UNUSED_VARIABLE = YES;
				IPHONEOS_DEPLOYMENT_TARGET = 13.4;
				MTL_ENABLE_DEBUG_INFO = INCLUDE_SOURCE;
				MTL_FAST_MATH = YES;
				ONLY_ACTIVE_ARCH = YES;
				SDKROOT = iphoneos;
				SWIFT_ACTIVE_COMPILATION_CONDITIONS = DEBUG;
				SWIFT_OPTIMIZATION_LEVEL = "-Onone";
			};
			name = Debug;
		};
		C8AE1C3F2441FE8F00409D09 /* Release */ = {
			isa = XCBuildConfiguration;
			buildSettings = {
				ALWAYS_SEARCH_USER_PATHS = NO;
				CLANG_ANALYZER_NONNULL = YES;
				CLANG_ANALYZER_NUMBER_OBJECT_CONVERSION = YES_AGGRESSIVE;
				CLANG_CXX_LANGUAGE_STANDARD = "gnu++14";
				CLANG_CXX_LIBRARY = "libc++";
				CLANG_ENABLE_MODULES = YES;
				CLANG_ENABLE_OBJC_ARC = YES;
				CLANG_ENABLE_OBJC_WEAK = YES;
				CLANG_WARN_BLOCK_CAPTURE_AUTORELEASING = YES;
				CLANG_WARN_BOOL_CONVERSION = YES;
				CLANG_WARN_COMMA = YES;
				CLANG_WARN_CONSTANT_CONVERSION = YES;
				CLANG_WARN_DEPRECATED_OBJC_IMPLEMENTATIONS = YES;
				CLANG_WARN_DIRECT_OBJC_ISA_USAGE = YES_ERROR;
				CLANG_WARN_DOCUMENTATION_COMMENTS = YES;
				CLANG_WARN_EMPTY_BODY = YES;
				CLANG_WARN_ENUM_CONVERSION = YES;
				CLANG_WARN_INFINITE_RECURSION = YES;
				CLANG_WARN_INT_CONVERSION = YES;
				CLANG_WARN_NON_LITERAL_NULL_CONVERSION = YES;
				CLANG_WARN_OBJC_IMPLICIT_RETAIN_SELF = YES;
				CLANG_WARN_OBJC_LITERAL_CONVERSION = YES;
				CLANG_WARN_OBJC_ROOT_CLASS = YES_ERROR;
				CLANG_WARN_RANGE_LOOP_ANALYSIS = YES;
				CLANG_WARN_STRICT_PROTOTYPES = YES;
				CLANG_WARN_SUSPICIOUS_MOVE = YES;
				CLANG_WARN_UNGUARDED_AVAILABILITY = YES_AGGRESSIVE;
				CLANG_WARN_UNREACHABLE_CODE = YES;
				CLANG_WARN__DUPLICATE_METHOD_MATCH = YES;
				COPY_PHASE_STRIP = NO;
				DEBUG_INFORMATION_FORMAT = "dwarf-with-dsym";
				ENABLE_NS_ASSERTIONS = NO;
				ENABLE_STRICT_OBJC_MSGSEND = YES;
				GCC_C_LANGUAGE_STANDARD = gnu11;
				GCC_NO_COMMON_BLOCKS = YES;
				GCC_WARN_64_TO_32_BIT_CONVERSION = YES;
				GCC_WARN_ABOUT_RETURN_TYPE = YES_ERROR;
				GCC_WARN_UNDECLARED_SELECTOR = YES;
				GCC_WARN_UNINITIALIZED_AUTOS = YES_AGGRESSIVE;
				GCC_WARN_UNUSED_FUNCTION = YES;
				GCC_WARN_UNUSED_VARIABLE = YES;
				IPHONEOS_DEPLOYMENT_TARGET = 13.4;
				MTL_ENABLE_DEBUG_INFO = NO;
				MTL_FAST_MATH = YES;
				SDKROOT = iphoneos;
				SWIFT_COMPILATION_MODE = wholemodule;
				SWIFT_OPTIMIZATION_LEVEL = "-O";
				VALIDATE_PRODUCT = YES;
			};
			name = Release;
		};
		C8AE1C412441FE8F00409D09 /* Debug */ = {
			isa = XCBuildConfiguration;
			buildSettings = {
				ASSETCATALOG_COMPILER_APPICON_NAME = AppIcon;
				CODE_SIGN_STYLE = Automatic;
				INFOPLIST_FILE = OnTheMap/Info.plist;
				LD_RUNPATH_SEARCH_PATHS = (
					"$(inherited)",
					"@executable_path/Frameworks",
				);
				PRODUCT_BUNDLE_IDENTIFIER = science.logarithmic.OnTheMap;
				PRODUCT_NAME = "$(TARGET_NAME)";
				SWIFT_VERSION = 5.0;
				TARGETED_DEVICE_FAMILY = "1,2";
			};
			name = Debug;
		};
		C8AE1C422441FE8F00409D09 /* Release */ = {
			isa = XCBuildConfiguration;
			buildSettings = {
				ASSETCATALOG_COMPILER_APPICON_NAME = AppIcon;
				CODE_SIGN_STYLE = Automatic;
				INFOPLIST_FILE = OnTheMap/Info.plist;
				LD_RUNPATH_SEARCH_PATHS = (
					"$(inherited)",
					"@executable_path/Frameworks",
				);
				PRODUCT_BUNDLE_IDENTIFIER = science.logarithmic.OnTheMap;
				PRODUCT_NAME = "$(TARGET_NAME)";
				SWIFT_VERSION = 5.0;
				TARGETED_DEVICE_FAMILY = "1,2";
			};
			name = Release;
		};
		C8AE1C442441FE8F00409D09 /* Debug */ = {
			isa = XCBuildConfiguration;
			buildSettings = {
				ALWAYS_EMBED_SWIFT_STANDARD_LIBRARIES = YES;
				BUNDLE_LOADER = "$(TEST_HOST)";
				CODE_SIGN_STYLE = Automatic;
				INFOPLIST_FILE = OnTheMapTests/Info.plist;
				IPHONEOS_DEPLOYMENT_TARGET = 13.4;
				LD_RUNPATH_SEARCH_PATHS = (
					"$(inherited)",
					"@executable_path/Frameworks",
					"@loader_path/Frameworks",
				);
				PRODUCT_BUNDLE_IDENTIFIER = science.logarithmic.OnTheMapTests;
				PRODUCT_NAME = "$(TARGET_NAME)";
				SWIFT_VERSION = 5.0;
				TARGETED_DEVICE_FAMILY = "1,2";
				TEST_HOST = "$(BUILT_PRODUCTS_DIR)/OnTheMap.app/OnTheMap";
			};
			name = Debug;
		};
		C8AE1C452441FE8F00409D09 /* Release */ = {
			isa = XCBuildConfiguration;
			buildSettings = {
				ALWAYS_EMBED_SWIFT_STANDARD_LIBRARIES = YES;
				BUNDLE_LOADER = "$(TEST_HOST)";
				CODE_SIGN_STYLE = Automatic;
				INFOPLIST_FILE = OnTheMapTests/Info.plist;
				IPHONEOS_DEPLOYMENT_TARGET = 13.4;
				LD_RUNPATH_SEARCH_PATHS = (
					"$(inherited)",
					"@executable_path/Frameworks",
					"@loader_path/Frameworks",
				);
				PRODUCT_BUNDLE_IDENTIFIER = science.logarithmic.OnTheMapTests;
				PRODUCT_NAME = "$(TARGET_NAME)";
				SWIFT_VERSION = 5.0;
				TARGETED_DEVICE_FAMILY = "1,2";
				TEST_HOST = "$(BUILT_PRODUCTS_DIR)/OnTheMap.app/OnTheMap";
			};
			name = Release;
		};
		C8AE1C472441FE8F00409D09 /* Debug */ = {
			isa = XCBuildConfiguration;
			buildSettings = {
				ALWAYS_EMBED_SWIFT_STANDARD_LIBRARIES = YES;
				CODE_SIGN_STYLE = Automatic;
				INFOPLIST_FILE = OnTheMapUITests/Info.plist;
				LD_RUNPATH_SEARCH_PATHS = (
					"$(inherited)",
					"@executable_path/Frameworks",
					"@loader_path/Frameworks",
				);
				PRODUCT_BUNDLE_IDENTIFIER = science.logarithmic.OnTheMapUITests;
				PRODUCT_NAME = "$(TARGET_NAME)";
				SWIFT_VERSION = 5.0;
				TARGETED_DEVICE_FAMILY = "1,2";
				TEST_TARGET_NAME = OnTheMap;
			};
			name = Debug;
		};
		C8AE1C482441FE8F00409D09 /* Release */ = {
			isa = XCBuildConfiguration;
			buildSettings = {
				ALWAYS_EMBED_SWIFT_STANDARD_LIBRARIES = YES;
				CODE_SIGN_STYLE = Automatic;
				INFOPLIST_FILE = OnTheMapUITests/Info.plist;
				LD_RUNPATH_SEARCH_PATHS = (
					"$(inherited)",
					"@executable_path/Frameworks",
					"@loader_path/Frameworks",
				);
				PRODUCT_BUNDLE_IDENTIFIER = science.logarithmic.OnTheMapUITests;
				PRODUCT_NAME = "$(TARGET_NAME)";
				SWIFT_VERSION = 5.0;
				TARGETED_DEVICE_FAMILY = "1,2";
				TEST_TARGET_NAME = OnTheMap;
			};
			name = Release;
		};
/* End XCBuildConfiguration section */

/* Begin XCConfigurationList section */
		C8AE1C112441FE8B00409D09 /* Build configuration list for PBXProject "OnTheMap" */ = {
			isa = XCConfigurationList;
			buildConfigurations = (
				C8AE1C3E2441FE8F00409D09 /* Debug */,
				C8AE1C3F2441FE8F00409D09 /* Release */,
			);
			defaultConfigurationIsVisible = 0;
			defaultConfigurationName = Release;
		};
		C8AE1C402441FE8F00409D09 /* Build configuration list for PBXNativeTarget "OnTheMap" */ = {
			isa = XCConfigurationList;
			buildConfigurations = (
				C8AE1C412441FE8F00409D09 /* Debug */,
				C8AE1C422441FE8F00409D09 /* Release */,
			);
			defaultConfigurationIsVisible = 0;
			defaultConfigurationName = Release;
		};
		C8AE1C432441FE8F00409D09 /* Build configuration list for PBXNativeTarget "OnTheMapTests" */ = {
			isa = XCConfigurationList;
			buildConfigurations = (
				C8AE1C442441FE8F00409D09 /* Debug */,
				C8AE1C452441FE8F00409D09 /* Release */,
			);
			defaultConfigurationIsVisible = 0;
			defaultConfigurationName = Release;
		};
		C8AE1C462441FE8F00409D09 /* Build configuration list for PBXNativeTarget "OnTheMapUITests" */ = {
			isa = XCConfigurationList;
			buildConfigurations = (
				C8AE1C472441FE8F00409D09 /* Debug */,
				C8AE1C482441FE8F00409D09 /* Release */,
			);
			defaultConfigurationIsVisible = 0;
			defaultConfigurationName = Release;
		};
/* End XCConfigurationList section */
	};
	rootObject = C8AE1C0E2441FE8B00409D09 /* Project object */;
}
